PODS:
  - Keys (1.0.1)
  - SwiftLint (0.35.0)

DEPENDENCIES:
  - Keys (from `Pods/CocoaPodsKeys`)
  - SwiftLint

SPEC REPOS:
  trunk:
    - SwiftLint

EXTERNAL SOURCES:
  Keys:
    :path: Pods/CocoaPodsKeys

SPEC CHECKSUMS:
  Keys: a576f4c9c1c641ca913a959a9c62ed3f215a8de9
  SwiftLint: 5553187048b900c91aa03552807681bb6b027846

PODFILE CHECKSUM: 3b151c7af28491347365d9041e94fd43da01e9e6

COCOAPODS: 1.8.1
